
Microsoft Visual Studio Solution File, Format Version 12.00
# Visual Studio 2012
Project("{FAE04EC0-301F-11D3-BF4B-00C04F79EFBC}") = "Modul03", "Modul03\Modul03.csproj", "{EA8D8B1E-A30C-42EE-BB16-F30D15229454}"
EndProject
Global
	GlobalSection(SolutionConfigurationPlatforms) = preSolution
		Debug|x86 = Debug|x86
		Release|x86 = Release|x86
	EndGlobalSection
	GlobalSection(ProjectConfigurationPlatforms) = postSolution
		{EA8D8B1E-A30C-42EE-BB16-F30D15229454}.Debug|x86.ActiveCfg = Debug|x86
		{EA8D8B1E-A30C-42EE-BB16-F30D15229454}.Debug|x86.Build.0 = Debug|x86
		{EA8D8B1E-A30C-42EE-BB16-F30D15229454}.Release|x86.ActiveCfg = Release|x86
		{EA8D8B1E-A30C-42EE-BB16-F30D15229454}.Release|x86.Build.0 = Release|x86
	EndGlobalSection
EndGlobal
